
Microsoft Visual Studio Solution File, Format Version 12.00
# Visual Studio 2012
Project("{FAE04EC0-301F-11D3-BF4B-00C04F79EFBC}") = "MyCalculatorv1", "MyCalculatorv1\MyCalculatorv1.csproj", "{9C8DF237-3BDA-4E41-82EC-E73B868EB15B}"
EndProject
Project("{F184B08F-C81C-45F6-A57F-5ABD9991F28F}") = "CodedUITestProject1", "CodedUITestProject1\CodedUITestProject1.vbproj", "{6B7491B9-F8E6-426D-ABBE-6312B886F87F}"
EndProject
Project("{FAE04EC0-301F-11D3-BF4B-00C04F79EFBC}") = "CodedUITestProject2", "CodedUITestProject2\CodedUITestProject2.csproj", "{C83018D6-6099-4970-89B3-633B5E49E891}"
EndProject
Project("{FAE04EC0-301F-11D3-BF4B-00C04F79EFBC}") = "UnitTestProject1", "UnitTestProject1\UnitTestProject1.csproj", "{5C895484-2FFB-4927-9705-837DD0F41746}"
EndProject
Global
	GlobalSection(SolutionConfigurationPlatforms) = preSolution
		Debug|Any CPU = Debug|Any CPU
		Release|Any CPU = Release|Any CPU
	EndGlobalSection
	GlobalSection(ProjectConfigurationPlatforms) = postSolution
		{9C8DF237-3BDA-4E41-82EC-E73B868EB15B}.Debug|Any CPU.ActiveCfg = Debug|Any CPU
		{9C8DF237-3BDA-4E41-82EC-E73B868EB15B}.Debug|Any CPU.Build.0 = Debug|Any CPU
		{9C8DF237-3BDA-4E41-82EC-E73B868EB15B}.Release|Any CPU.ActiveCfg = Release|Any CPU
		{9C8DF237-3BDA-4E41-82EC-E73B868EB15B}.Release|Any CPU.Build.0 = Release|Any CPU
		{6B7491B9-F8E6-426D-ABBE-6312B886F87F}.Debug|Any CPU.ActiveCfg = Debug|Any CPU
		{6B7491B9-F8E6-426D-ABBE-6312B886F87F}.Debug|Any CPU.Build.0 = Debug|Any CPU
		{6B7491B9-F8E6-426D-ABBE-6312B886F87F}.Release|Any CPU.ActiveCfg = Release|Any CPU
		{6B7491B9-F8E6-426D-ABBE-6312B886F87F}.Release|Any CPU.Build.0 = Release|Any CPU
		{C83018D6-6099-4970-89B3-633B5E49E891}.Debug|Any CPU.ActiveCfg = Debug|Any CPU
		{C83018D6-6099-4970-89B3-633B5E49E891}.Debug|Any CPU.Build.0 = Debug|Any CPU
		{C83018D6-6099-4970-89B3-633B5E49E891}.Release|Any CPU.ActiveCfg = Release|Any CPU
		{C83018D6-6099-4970-89B3-633B5E49E891}.Release|Any CPU.Build.0 = Release|Any CPU
		{5C895484-2FFB-4927-9705-837DD0F41746}.Debug|Any CPU.ActiveCfg = Debug|Any CPU
		{5C895484-2FFB-4927-9705-837DD0F41746}.Debug|Any CPU.Build.0 = Debug|Any CPU
		{5C895484-2FFB-4927-9705-837DD0F41746}.Release|Any CPU.ActiveCfg = Release|Any CPU
		{5C895484-2FFB-4927-9705-837DD0F41746}.Release|Any CPU.Build.0 = Release|Any CPU
	EndGlobalSection
	GlobalSection(SolutionProperties) = preSolution
		HideSolutionNode = FALSE
	EndGlobalSection
EndGlobal
